
Microsoft Visual Studio Solution File, Format Version 12.00
# Visual Studio Version 17
VisualStudioVersion = 17.10.35004.147
MinimumVisualStudioVersion = 10.0.40219.1
Project("{9A19103F-16F7-4668-BE54-9A1E7A4F7556}") = "QuickBaseProject", "QuickBaseProject\QuickBaseProject.csproj", "{4071DF9E-31D6-44E6-A1B5-D563B1A1D989}"
EndProject
Project("{FAE04EC0-301F-11D3-BF4B-00C04F79EFBC}") = "QuickBaseProject.Test", "QuickBaseProject.Test\QuickBaseProject.Test.csproj", "{2F81B118-247F-4E85-9026-C37CB14383A1}"
EndProject
Global
	GlobalSection(SolutionConfigurationPlatforms) = preSolution
		Debug|Any CPU = Debug|Any CPU
		Release|Any CPU = Release|Any CPU
	EndGlobalSection
	GlobalSection(ProjectConfigurationPlatforms) = postSolution
		{4071DF9E-31D6-44E6-A1B5-D563B1A1D989}.Debug|Any CPU.ActiveCfg = Debug|Any CPU
		{4071DF9E-31D6-44E6-A1B5-D563B1A1D989}.Debug|Any CPU.Build.0 = Debug|Any CPU
		{4071DF9E-31D6-44E6-A1B5-D563B1A1D989}.Release|Any CPU.ActiveCfg = Release|Any CPU
		{4071DF9E-31D6-44E6-A1B5-D563B1A1D989}.Release|Any CPU.Build.0 = Release|Any CPU
		{2F81B118-247F-4E85-9026-C37CB14383A1}.Debug|Any CPU.ActiveCfg = Debug|Any CPU
		{2F81B118-247F-4E85-9026-C37CB14383A1}.Debug|Any CPU.Build.0 = Debug|Any CPU
		{2F81B118-247F-4E85-9026-C37CB14383A1}.Release|Any CPU.ActiveCfg = Release|Any CPU
		{2F81B118-247F-4E85-9026-C37CB14383A1}.Release|Any CPU.Build.0 = Release|Any CPU
	EndGlobalSection
	GlobalSection(SolutionProperties) = preSolution
		HideSolutionNode = FALSE
	EndGlobalSection
	GlobalSection(ExtensibilityGlobals) = postSolution
		SolutionGuid = {ADF92C43-67D5-42E7-890A-7068159FD0DA}
	EndGlobalSection
EndGlobal
